
Microsoft Visual Studio Solution File, Format Version 12.00
# Visual Studio Version 16
VisualStudioVersion = 16.0.30011.22
MinimumVisualStudioVersion = 10.0.40219.1
Project("{FAE04EC0-301F-11D3-BF4B-00C04F79EFBC}") = "web", "web\web.csproj", "{6AD7110A-6F3F-4172-B58D-27635C820581}"
EndProject
Project("{FAE04EC0-301F-11D3-BF4B-00C04F79EFBC}") = "weblib", "weblib\weblib.csproj", "{D4046A5D-592A-4297-B832-B12CE78A88B1}"
EndProject
Project("{FAE04EC0-301F-11D3-BF4B-00C04F79EFBC}") = "zalotest", "zalo\zalotest\zalotest.csproj", "{8206D988-5F17-487A-B755-AE02925BFFB5}"
EndProject
Global
	GlobalSection(SolutionConfigurationPlatforms) = preSolution
		Debug|Any CPU = Debug|Any CPU
		Release|Any CPU = Release|Any CPU
	EndGlobalSection
	GlobalSection(ProjectConfigurationPlatforms) = postSolution
		{6AD7110A-6F3F-4172-B58D-27635C820581}.Debug|Any CPU.ActiveCfg = Debug|Any CPU
		{6AD7110A-6F3F-4172-B58D-27635C820581}.Debug|Any CPU.Build.0 = Debug|Any CPU
		{6AD7110A-6F3F-4172-B58D-27635C820581}.Release|Any CPU.ActiveCfg = Release|Any CPU
		{6AD7110A-6F3F-4172-B58D-27635C820581}.Release|Any CPU.Build.0 = Release|Any CPU
		{D4046A5D-592A-4297-B832-B12CE78A88B1}.Debug|Any CPU.ActiveCfg = Debug|Any CPU
		{D4046A5D-592A-4297-B832-B12CE78A88B1}.Debug|Any CPU.Build.0 = Debug|Any CPU
		{D4046A5D-592A-4297-B832-B12CE78A88B1}.Release|Any CPU.ActiveCfg = Release|Any CPU
		{D4046A5D-592A-4297-B832-B12CE78A88B1}.Release|Any CPU.Build.0 = Release|Any CPU
		{8206D988-5F17-487A-B755-AE02925BFFB5}.Debug|Any CPU.ActiveCfg = Debug|Any CPU
		{8206D988-5F17-487A-B755-AE02925BFFB5}.Debug|Any CPU.Build.0 = Debug|Any CPU
		{8206D988-5F17-487A-B755-AE02925BFFB5}.Release|Any CPU.ActiveCfg = Release|Any CPU
		{8206D988-5F17-487A-B755-AE02925BFFB5}.Release|Any CPU.Build.0 = Release|Any CPU
	EndGlobalSection
	GlobalSection(SolutionProperties) = preSolution
		HideSolutionNode = FALSE
	EndGlobalSection
	GlobalSection(ExtensibilityGlobals) = postSolution
		SolutionGuid = {39AE5AF0-EC4F-469D-868E-03DB240B1CAF}
	EndGlobalSection
EndGlobal
