
Microsoft Visual Studio Solution File, Format Version 12.00
# Visual Studio Version 16
VisualStudioVersion = 16.0.30114.105
MinimumVisualStudioVersion = 10.0.40219.1
Project("{FAE04EC0-301F-11D3-BF4B-00C04F79EFBC}") = "gcontact", "gcontact\gcontact.csproj", "{B4C11AA3-290D-4B16-94AD-BFABFFC6A811}"
EndProject
Global
	GlobalSection(SolutionConfigurationPlatforms) = preSolution
		Debug|Any CPU = Debug|Any CPU
		Release|Any CPU = Release|Any CPU
	EndGlobalSection
	GlobalSection(ProjectConfigurationPlatforms) = postSolution
		{B4C11AA3-290D-4B16-94AD-BFABFFC6A811}.Debug|Any CPU.ActiveCfg = Debug|Any CPU
		{B4C11AA3-290D-4B16-94AD-BFABFFC6A811}.Debug|Any CPU.Build.0 = Debug|Any CPU
		{B4C11AA3-290D-4B16-94AD-BFABFFC6A811}.Release|Any CPU.ActiveCfg = Release|Any CPU
		{B4C11AA3-290D-4B16-94AD-BFABFFC6A811}.Release|Any CPU.Build.0 = Release|Any CPU
	EndGlobalSection
	GlobalSection(SolutionProperties) = preSolution
		HideSolutionNode = FALSE
	EndGlobalSection
	GlobalSection(ExtensibilityGlobals) = postSolution
		SolutionGuid = {9B215D1C-7A9B-416A-9B1F-47016F7EC1E0}
	EndGlobalSection
EndGlobal
